
Microsoft Visual Studio Solution File, Format Version 12.00
# Visual Studio 14
VisualStudioVersion = 14.0.25420.1
MinimumVisualStudioVersion = 10.0.40219.1
Project("{FAE04EC0-301F-11D3-BF4B-00C04F79EFBC}") = "Collector.Common.RestContracts", "Collector.Common.RestContracts\Collector.Common.RestContracts.csproj", "{AA88F2DB-A552-417A-A4F9-37FD7C12A825}"
EndProject
Project("{2150E333-8FDC-42A3-9474-1A3956D46DE8}") = "Test", "Test", "{65A2A78E-AF54-4355-A87F-EE6DE92E67C4}"
EndProject
Project("{FAE04EC0-301F-11D3-BF4B-00C04F79EFBC}") = "Collector.Common.RestContracts.UnitTest", "Test\Collector.Common.RestContracts.UnitTest\Collector.Common.RestContracts.UnitTest.csproj", "{88FCF513-0AD0-4F75-9E3F-081632A38B8C}"
EndProject
Global
	GlobalSection(SolutionConfigurationPlatforms) = preSolution
		Debug|Any CPU = Debug|Any CPU
		Release|Any CPU = Release|Any CPU
	EndGlobalSection
	GlobalSection(ProjectConfigurationPlatforms) = postSolution
		{AA88F2DB-A552-417A-A4F9-37FD7C12A825}.Debug|Any CPU.ActiveCfg = Debug|Any CPU
		{AA88F2DB-A552-417A-A4F9-37FD7C12A825}.Debug|Any CPU.Build.0 = Debug|Any CPU
		{AA88F2DB-A552-417A-A4F9-37FD7C12A825}.Release|Any CPU.ActiveCfg = Release|Any CPU
		{AA88F2DB-A552-417A-A4F9-37FD7C12A825}.Release|Any CPU.Build.0 = Release|Any CPU
		{88FCF513-0AD0-4F75-9E3F-081632A38B8C}.Debug|Any CPU.ActiveCfg = Debug|Any CPU
		{88FCF513-0AD0-4F75-9E3F-081632A38B8C}.Debug|Any CPU.Build.0 = Debug|Any CPU
		{88FCF513-0AD0-4F75-9E3F-081632A38B8C}.Release|Any CPU.ActiveCfg = Release|Any CPU
		{88FCF513-0AD0-4F75-9E3F-081632A38B8C}.Release|Any CPU.Build.0 = Release|Any CPU
	EndGlobalSection
	GlobalSection(SolutionProperties) = preSolution
		HideSolutionNode = FALSE
	EndGlobalSection
	GlobalSection(NestedProjects) = preSolution
		{88FCF513-0AD0-4F75-9E3F-081632A38B8C} = {65A2A78E-AF54-4355-A87F-EE6DE92E67C4}
	EndGlobalSection
EndGlobal
