
Microsoft Visual Studio Solution File, Format Version 12.00
# Visual Studio 15
VisualStudioVersion = 15.0.26430.16
MinimumVisualStudioVersion = 10.0.40219.1
Project("{2150E333-8FDC-42A3-9474-1A3956D46DE8}") = "src", "src", "{402469BF-013B-4843-8EEA-210ACF578411}"
EndProject
Project("{9A19103F-16F7-4668-BE54-9A1E7A4F7556}") = "Collector.Common.RestContracts", "src\Collector.Common.RestContracts\Collector.Common.RestContracts.csproj", "{03B67843-3101-41F0-8454-6F1F478AFE52}"
EndProject
Project("{2150E333-8FDC-42A3-9474-1A3956D46DE8}") = "test", "test", "{82C34CD5-64B5-4B65-B15A-7FB6E9256E99}"
EndProject
Project("{FAE04EC0-301F-11D3-BF4B-00C04F79EFBC}") = "Collector.Common.RestContracts.UnitTest", "test\Collector.Common.RestContracts.UnitTest\Collector.Common.RestContracts.UnitTest.csproj", "{FE43C136-B944-40F4-801B-B14DE01767E2}"
EndProject
Global
	GlobalSection(SolutionConfigurationPlatforms) = preSolution
		Debug|Any CPU = Debug|Any CPU
		Release|Any CPU = Release|Any CPU
	EndGlobalSection
	GlobalSection(ProjectConfigurationPlatforms) = postSolution
		{03B67843-3101-41F0-8454-6F1F478AFE52}.Debug|Any CPU.ActiveCfg = Debug|Any CPU
		{03B67843-3101-41F0-8454-6F1F478AFE52}.Debug|Any CPU.Build.0 = Debug|Any CPU
		{03B67843-3101-41F0-8454-6F1F478AFE52}.Release|Any CPU.ActiveCfg = Release|Any CPU
		{03B67843-3101-41F0-8454-6F1F478AFE52}.Release|Any CPU.Build.0 = Release|Any CPU
		{FE43C136-B944-40F4-801B-B14DE01767E2}.Debug|Any CPU.ActiveCfg = Debug|Any CPU
		{FE43C136-B944-40F4-801B-B14DE01767E2}.Debug|Any CPU.Build.0 = Debug|Any CPU
		{FE43C136-B944-40F4-801B-B14DE01767E2}.Release|Any CPU.ActiveCfg = Release|Any CPU
		{FE43C136-B944-40F4-801B-B14DE01767E2}.Release|Any CPU.Build.0 = Release|Any CPU
	EndGlobalSection
	GlobalSection(SolutionProperties) = preSolution
		HideSolutionNode = FALSE
	EndGlobalSection
	GlobalSection(NestedProjects) = preSolution
		{03B67843-3101-41F0-8454-6F1F478AFE52} = {402469BF-013B-4843-8EEA-210ACF578411}
		{FE43C136-B944-40F4-801B-B14DE01767E2} = {82C34CD5-64B5-4B65-B15A-7FB6E9256E99}
	EndGlobalSection
	GlobalSection(ExtensibilityGlobals) = postSolution
		SolutionGuid = {9846EE39-D310-4BCE-A92A-BABAB1E82CAE}
	EndGlobalSection
EndGlobal
